
Microsoft Visual Studio Solution File, Format Version 12.00
# Visual Studio Version 17
VisualStudioVersion = 17.7.34018.315
MinimumVisualStudioVersion = 10.0.40219.1
Project("{FAE04EC0-301F-11D3-BF4B-00C04F79EFBC}") = "WFAMinShop", "WFAMinShop.csproj", "{DF36D7B4-64DC-470C-B5AE-17B0466319A4}"
EndProject
Global
	GlobalSection(SolutionConfigurationPlatforms) = preSolution
		Debug|Any CPU = Debug|Any CPU
		Release|Any CPU = Release|Any CPU
	EndGlobalSection
	GlobalSection(ProjectConfigurationPlatforms) = postSolution
		{DF36D7B4-64DC-470C-B5AE-17B0466319A4}.Debug|Any CPU.ActiveCfg = Debug|Any CPU
		{DF36D7B4-64DC-470C-B5AE-17B0466319A4}.Debug|Any CPU.Build.0 = Debug|Any CPU
		{DF36D7B4-64DC-470C-B5AE-17B0466319A4}.Release|Any CPU.ActiveCfg = Release|Any CPU
		{DF36D7B4-64DC-470C-B5AE-17B0466319A4}.Release|Any CPU.Build.0 = Release|Any CPU
	EndGlobalSection
	GlobalSection(SolutionProperties) = preSolution
		HideSolutionNode = FALSE
	EndGlobalSection
	GlobalSection(ExtensibilityGlobals) = postSolution
		SolutionGuid = {36CB62C4-2E84-4319-AF16-00EC7D955736}
	EndGlobalSection
EndGlobal
